
Microsoft Visual Studio Solution File, Format Version 12.00
# Visual Studio Version 16
VisualStudioVersion = 16.0.30804.86
MinimumVisualStudioVersion = 10.0.40219.1
Project("{FAE04EC0-301F-11D3-BF4B-00C04F79EFBC}") = "PrjModule17", "PrjModule17\PrjModule17.csproj", "{B70474EB-CDBE-4D91-9393-6A5D3B505DA8}"
EndProject
Project("{FAE04EC0-301F-11D3-BF4B-00C04F79EFBC}") = "FileMaintainer", "FileMaintainer\FileMaintainer.csproj", "{D03F3CEB-B2FE-46D0-8F0E-BB2898FABE54}"
EndProject
Global
	GlobalSection(SolutionConfigurationPlatforms) = preSolution
		Debug|Any CPU = Debug|Any CPU
		Release|Any CPU = Release|Any CPU
	EndGlobalSection
	GlobalSection(ProjectConfigurationPlatforms) = postSolution
		{B70474EB-CDBE-4D91-9393-6A5D3B505DA8}.Debug|Any CPU.ActiveCfg = Debug|Any CPU
		{B70474EB-CDBE-4D91-9393-6A5D3B505DA8}.Debug|Any CPU.Build.0 = Debug|Any CPU
		{B70474EB-CDBE-4D91-9393-6A5D3B505DA8}.Release|Any CPU.ActiveCfg = Release|Any CPU
		{B70474EB-CDBE-4D91-9393-6A5D3B505DA8}.Release|Any CPU.Build.0 = Release|Any CPU
		{D03F3CEB-B2FE-46D0-8F0E-BB2898FABE54}.Debug|Any CPU.ActiveCfg = Debug|Any CPU
		{D03F3CEB-B2FE-46D0-8F0E-BB2898FABE54}.Debug|Any CPU.Build.0 = Debug|Any CPU
		{D03F3CEB-B2FE-46D0-8F0E-BB2898FABE54}.Release|Any CPU.ActiveCfg = Release|Any CPU
		{D03F3CEB-B2FE-46D0-8F0E-BB2898FABE54}.Release|Any CPU.Build.0 = Release|Any CPU
	EndGlobalSection
	GlobalSection(SolutionProperties) = preSolution
		HideSolutionNode = FALSE
	EndGlobalSection
	GlobalSection(ExtensibilityGlobals) = postSolution
		SolutionGuid = {D9606DA9-14FD-4049-BC80-15CE9607B919}
	EndGlobalSection
EndGlobal
